// !$*UTF8*$!
{
	archiveVersion = 1;
	classes = {
	};
	objectVersion = 55;
	objects = {

/* Begin PBXBuildFile section */
		8D30F061289BED6F00338E26 /* AnimationsApp.swift in Sources */ = {isa = PBXBuildFile; fileRef = 8D30F060289BED6F00338E26 /* AnimationsApp.swift */; };
		8D30F065289BED7000338E26 /* Assets.xcassets in Resources */ = {isa = PBXBuildFile; fileRef = 8D30F064289BED7000338E26 /* Assets.xcassets */; };
		8D30F068289BED7000338E26 /* Preview Assets.xcassets in Resources */ = {isa = PBXBuildFile; fileRef = 8D30F067289BED7000338E26 /* Preview Assets.xcassets */; };
		8D30F06A289BED7000338E26 /* Persistence.swift in Sources */ = {isa = PBXBuildFile; fileRef = 8D30F069289BED7000338E26 /* Persistence.swift */; };
		8D30F06D289BED7000338E26 /* Animations.xcdatamodeld in Sources */ = {isa = PBXBuildFile; fileRef = 8D30F06B289BED7000338E26 /* Animations.xcdatamodeld */; };
		8D30F077289BED7000338E26 /* AnimationsTests.swift in Sources */ = {isa = PBXBuildFile; fileRef = 8D30F076289BED7000338E26 /* AnimationsTests.swift */; };
		8D30F081289BED7000338E26 /* AnimationsUITests.swift in Sources */ = {isa = PBXBuildFile; fileRef = 8D30F080289BED7000338E26 /* AnimationsUITests.swift */; };
		8D30F083289BED7000338E26 /* AnimationsUITestsLaunchTests.swift in Sources */ = {isa = PBXBuildFile; fileRef = 8D30F082289BED7000338E26 /* AnimationsUITestsLaunchTests.swift */; };
		8D30F092289BEDC000338E26 /* HomeScreen.swift in Sources */ = {isa = PBXBuildFile; fileRef = 8D30F091289BEDC000338E26 /* HomeScreen.swift */; };
		8D30F095289BFE6300338E26 /* Lottie in Frameworks */ = {isa = PBXBuildFile; productRef = 8D30F094289BFE6300338E26 /* Lottie */; };
		8D30F098289BFE8200338E26 /* Lottie.swift in Sources */ = {isa = PBXBuildFile; fileRef = 8D30F097289BFE8200338E26 /* Lottie.swift */; };
		8D30F09A289C007800338E26 /* face.json in Resources */ = {isa = PBXBuildFile; fileRef = 8D30F099289C007800338E26 /* face.json */; };
/* End PBXBuildFile section */

/* Begin PBXContainerItemProxy section */
		8D30F073289BED7000338E26 /* PBXContainerItemProxy */ = {
			isa = PBXContainerItemProxy;
			containerPortal = 8D30F055289BED6F00338E26 /* Project object */;
			proxyType = 1;
			remoteGlobalIDString = 8D30F05C289BED6F00338E26;
			remoteInfo = Animations;
		};
		8D30F07D289BED7000338E26 /* PBXContainerItemProxy */ = {
			isa = PBXContainerItemProxy;
			containerPortal = 8D30F055289BED6F00338E26 /* Project object */;
			proxyType = 1;
			remoteGlobalIDString = 8D30F05C289BED6F00338E26;
			remoteInfo = Animations;
		};
/* End PBXContainerItemProxy section */

/* Begin PBXFileReference section */
		8D30F05D289BED6F00338E26 /* Animations.app */ = {isa = PBXFileReference; explicitFileType = wrapper.application; includeInIndex = 0; path = Animations.app; sourceTree = BUILT_PRODUCTS_DIR; };
		8D30F060289BED6F00338E26 /* AnimationsApp.swift */ = {isa = PBXFileReference; lastKnownFileType = sourcecode.swift; path = AnimationsApp.swift; sourceTree = "<group>"; };
		8D30F064289BED7000338E26 /* Assets.xcassets */ = {isa = PBXFileReference; lastKnownFileType = folder.assetcatalog; path = Assets.xcassets; sourceTree = "<group>"; };
		8D30F067289BED7000338E26 /* Preview Assets.xcassets */ = {isa = PBXFileReference; lastKnownFileType = folder.assetcatalog; path = "Preview Assets.xcassets"; sourceTree = "<group>"; };
		8D30F069289BED7000338E26 /* Persistence.swift */ = {isa = PBXFileReference; lastKnownFileType = sourcecode.swift; path = Persistence.swift; sourceTree = "<group>"; };
		8D30F06C289BED7000338E26 /* Animations.xcdatamodel */ = {isa = PBXFileReference; lastKnownFileType = wrapper.xcdatamodel; path = Animations.xcdatamodel; sourceTree = "<group>"; };
		8D30F072289BED7000338E26 /* AnimationsTests.xctest */ = {isa = PBXFileReference; explicitFileType = wrapper.cfbundle; includeInIndex = 0; path = AnimationsTests.xctest; sourceTree = BUILT_PRODUCTS_DIR; };
		8D30F076289BED7000338E26 /* AnimationsTests.swift */ = {isa = PBXFileReference; lastKnownFileType = sourcecode.swift; path = AnimationsTests.swift; sourceTree = "<group>"; };
		8D30F07C289BED7000338E26 /* AnimationsUITests.xctest */ = {isa = PBXFileReference; explicitFileType = wrapper.cfbundle; includeInIndex = 0; path = AnimationsUITests.xctest; sourceTree = BUILT_PRODUCTS_DIR; };
		8D30F080289BED7000338E26 /* AnimationsUITests.swift */ = {isa = PBXFileReference; lastKnownFileType = sourcecode.swift; path = AnimationsUITests.swift; sourceTree = "<group>"; };
		8D30F082289BED7000338E26 /* AnimationsUITestsLaunchTests.swift */ = {isa = PBXFileReference; lastKnownFileType = sourcecode.swift; path = AnimationsUITestsLaunchTests.swift; sourceTree = "<group>"; };
		8D30F091289BEDC000338E26 /* HomeScreen.swift */ = {isa = PBXFileReference; lastKnownFileType = sourcecode.swift; path = HomeScreen.swift; sourceTree = "<group>"; };
		8D30F097289BFE8200338E26 /* Lottie.swift */ = {isa = PBXFileReference; lastKnownFileType = sourcecode.swift; path = Lottie.swift; sourceTree = "<group>"; };
		8D30F099289C007800338E26 /* face.json */ = {isa = PBXFileReference; fileEncoding = 4; lastKnownFileType = text.json; name = face.json; path = ../../../../../../../Downloads/face.json; sourceTree = "<group>"; };
/* End PBXFileReference section */

/* Begin PBXFrameworksBuildPhase section */
		8D30F05A289BED6F00338E26 /* Frameworks */ = {
			isa = PBXFrameworksBuildPhase;
			buildActionMask = 2147483647;
			files = (
				8D30F095289BFE6300338E26 /* Lottie in Frameworks */,
			);
			runOnlyForDeploymentPostprocessing = 0;
		};
		8D30F06F289BED7000338E26 /* Frameworks */ = {
			isa = PBXFrameworksBuildPhase;
			buildActionMask = 2147483647;
			files = (
			);
			runOnlyForDeploymentPostprocessing = 0;
		};
		8D30F079289BED7000338E26 /* Frameworks */ = {
			isa = PBXFrameworksBuildPhase;
			buildActionMask = 2147483647;
			files = (
			);
			runOnlyForDeploymentPostprocessing = 0;
		};
/* End PBXFrameworksBuildPhase section */

/* Begin PBXGroup section */
		8D30F054289BED6F00338E26 = {
			isa = PBXGroup;
			children = (
				8D30F05F289BED6F00338E26 /* Animations */,
				8D30F075289BED7000338E26 /* AnimationsTests */,
				8D30F07F289BED7000338E26 /* AnimationsUITests */,
				8D30F05E289BED6F00338E26 /* Products */,
			);
			sourceTree = "<group>";
		};
		8D30F05E289BED6F00338E26 /* Products */ = {
			isa = PBXGroup;
			children = (
				8D30F05D289BED6F00338E26 /* Animations.app */,
				8D30F072289BED7000338E26 /* AnimationsTests.xctest */,
				8D30F07C289BED7000338E26 /* AnimationsUITests.xctest */,
			);
			name = Products;
			sourceTree = "<group>";
		};
		8D30F05F289BED6F00338E26 /* Animations */ = {
			isa = PBXGroup;
			children = (
				8D30F096289BFE7500338E26 /* utils */,
				8D30F090289BED9400338E26 /* jsonfiles */,
				8D30F08F289BED8900338E26 /* screens */,
				8D30F060289BED6F00338E26 /* AnimationsApp.swift */,
				8D30F064289BED7000338E26 /* Assets.xcassets */,
				8D30F069289BED7000338E26 /* Persistence.swift */,
				8D30F06B289BED7000338E26 /* Animations.xcdatamodeld */,
				8D30F066289BED7000338E26 /* Preview Content */,
			);
			path = Animations;
			sourceTree = "<group>";
		};
		8D30F066289BED7000338E26 /* Preview Content */ = {
			isa = PBXGroup;
			children = (
				8D30F067289BED7000338E26 /* Preview Assets.xcassets */,
			);
			path = "Preview Content";
			sourceTree = "<group>";
		};
		8D30F075289BED7000338E26 /* AnimationsTests */ = {
			isa = PBXGroup;
			children = (
				8D30F076289BED7000338E26 /* AnimationsTests.swift */,
			);
			path = AnimationsTests;
			sourceTree = "<group>";
		};
		8D30F07F289BED7000338E26 /* AnimationsUITests */ = {
			isa = PBXGroup;
			children = (
				8D30F080289BED7000338E26 /* AnimationsUITests.swift */,
				8D30F082289BED7000338E26 /* AnimationsUITestsLaunchTests.swift */,
			);
			path = AnimationsUITests;
			sourceTree = "<group>";
		};
		8D30F08F289BED8900338E26 /* screens */ = {
			isa = PBXGroup;
			children = (
				8D30F091289BEDC000338E26 /* HomeScreen.swift */,
			);
			path = screens;
			sourceTree = "<group>";
		};
		8D30F090289BED9400338E26 /* jsonfiles */ = {
			isa = PBXGroup;
			children = (
				8D30F099289C007800338E26 /* face.json */,
			);
			path = jsonfiles;
			sourceTree = "<group>";
		};
		8D30F096289BFE7500338E26 /* utils */ = {
			isa = PBXGroup;
			children = (
				8D30F097289BFE8200338E26 /* Lottie.swift */,
			);
			path = utils;
			sourceTree = "<group>";
		};
/* End PBXGroup section */

/* Begin PBXNativeTarget section */
		8D30F05C289BED6F00338E26 /* Animations */ = {
			isa = PBXNativeTarget;
			buildConfigurationList = 8D30F086289BED7000338E26 /* Build configuration list for PBXNativeTarget "Animations" */;
			buildPhases = (
				8D30F059289BED6F00338E26 /* Sources */,
				8D30F05A289BED6F00338E26 /* Frameworks */,
				8D30F05B289BED6F00338E26 /* Resources */,
			);
			buildRules = (
			);
			dependencies = (
			);
			name = Animations;
			packageProductDependencies = (
				8D30F094289BFE6300338E26 /* Lottie */,
			);
			productName = Animations;
			productReference = 8D30F05D289BED6F00338E26 /* Animations.app */;
			productType = "com.apple.product-type.application";
		};
		8D30F071289BED7000338E26 /* AnimationsTests */ = {
			isa = PBXNativeTarget;
			buildConfigurationList = 8D30F089289BED7000338E26 /* Build configuration list for PBXNativeTarget "AnimationsTests" */;
			buildPhases = (
				8D30F06E289BED7000338E26 /* Sources */,
				8D30F06F289BED7000338E26 /* Frameworks */,
				8D30F070289BED7000338E26 /* Resources */,
			);
			buildRules = (
			);
			dependencies = (
				8D30F074289BED7000338E26 /* PBXTargetDependency */,
			);
			name = AnimationsTests;
			productName = AnimationsTests;
			productReference = 8D30F072289BED7000338E26 /* AnimationsTests.xctest */;
			productType = "com.apple.product-type.bundle.unit-test";
		};
		8D30F07B289BED7000338E26 /* AnimationsUITests */ = {
			isa = PBXNativeTarget;
			buildConfigurationList = 8D30F08C289BED7000338E26 /* Build configuration list for PBXNativeTarget "AnimationsUITests" */;
			buildPhases = (
				8D30F078289BED7000338E26 /* Sources */,
				8D30F079289BED7000338E26 /* Frameworks */,
				8D30F07A289BED7000338E26 /* Resources */,
			);
			buildRules = (
			);
			dependencies = (
				8D30F07E289BED7000338E26 /* PBXTargetDependency */,
			);
			name = AnimationsUITests;
			productName = AnimationsUITests;
			productReference = 8D30F07C289BED7000338E26 /* AnimationsUITests.xctest */;
			productType = "com.apple.product-type.bundle.ui-testing";
		};
/* End PBXNativeTarget section */

/* Begin PBXProject section */
		8D30F055289BED6F00338E26 /* Project object */ = {
			isa = PBXProject;
			attributes = {
				BuildIndependentTargetsInParallel = 1;
				LastSwiftUpdateCheck = 1340;
				LastUpgradeCheck = 1340;
				TargetAttributes = {
					8D30F05C289BED6F00338E26 = {
						CreatedOnToolsVersion = 13.4.1;
					};
					8D30F071289BED7000338E26 = {
						CreatedOnToolsVersion = 13.4.1;
						TestTargetID = 8D30F05C289BED6F00338E26;
					};
					8D30F07B289BED7000338E26 = {
						CreatedOnToolsVersion = 13.4.1;
						TestTargetID = 8D30F05C289BED6F00338E26;
					};
				};
			};
			buildConfigurationList = 8D30F058289BED6F00338E26 /* Build configuration list for PBXProject "Animations" */;
			compatibilityVersion = "Xcode 13.0";
			developmentRegion = en;
			hasScannedForEncodings = 0;
			knownRegions = (
				en,
				Base,
			);
			mainGroup = 8D30F054289BED6F00338E26;
			packageReferences = (
				8D30F093289BFE6300338E26 /* XCRemoteSwiftPackageReference "lottie-ios" */,
			);
			productRefGroup = 8D30F05E289BED6F00338E26 /* Products */;
			projectDirPath = "";
			projectRoot = "";
			targets = (
				8D30F05C289BED6F00338E26 /* Animations */,
				8D30F071289BED7000338E26 /* AnimationsTests */,
				8D30F07B289BED7000338E26 /* AnimationsUITests */,
			);
		};
/* End PBXProject section */

/* Begin PBXResourcesBuildPhase section */
		8D30F05B289BED6F00338E26 /* Resources */ = {
			isa = PBXResourcesBuildPhase;
			buildActionMask = 2147483647;
			files = (
				8D30F09A289C007800338E26 /* face.json in Resources */,
				8D30F068289BED7000338E26 /* Preview Assets.xcassets in Resources */,
				8D30F065289BED7000338E26 /* Assets.xcassets in Resources */,
			);
			runOnlyForDeploymentPostprocessing = 0;
		};
		8D30F070289BED7000338E26 /* Resources */ = {
			isa = PBXResourcesBuildPhase;
			buildActionMask = 2147483647;
			files = (
			);
			runOnlyForDeploymentPostprocessing = 0;
		};
		8D30F07A289BED7000338E26 /* Resources */ = {
			isa = PBXResourcesBuildPhase;
			buildActionMask = 2147483647;
			files = (
			);
			runOnlyForDeploymentPostprocessing = 0;
		};
/* End PBXResourcesBuildPhase section */

/* Begin PBXSourcesBuildPhase section */
		8D30F059289BED6F00338E26 /* Sources */ = {
			isa = PBXSourcesBuildPhase;
			buildActionMask = 2147483647;
			files = (
				8D30F098289BFE8200338E26 /* Lottie.swift in Sources */,
				8D30F06A289BED7000338E26 /* Persistence.swift in Sources */,
				8D30F092289BEDC000338E26 /* HomeScreen.swift in Sources */,
				8D30F06D289BED7000338E26 /* Animations.xcdatamodeld in Sources */,
				8D30F061289BED6F00338E26 /* AnimationsApp.swift in Sources */,
			);
			runOnlyForDeploymentPostprocessing = 0;
		};
		8D30F06E289BED7000338E26 /* Sources */ = {
			isa = PBXSourcesBuildPhase;
			buildActionMask = 2147483647;
			files = (
				8D30F077289BED7000338E26 /* AnimationsTests.swift in Sources */,
			);
			runOnlyForDeploymentPostprocessing = 0;
		};
		8D30F078289BED7000338E26 /* Sources */ = {
			isa = PBXSourcesBuildPhase;
			buildActionMask = 2147483647;
			files = (
				8D30F081289BED7000338E26 /* AnimationsUITests.swift in Sources */,
				8D30F083289BED7000338E26 /* AnimationsUITestsLaunchTests.swift in Sources */,
			);
			runOnlyForDeploymentPostprocessing = 0;
		};
/* End PBXSourcesBuildPhase section */

/* Begin PBXTargetDependency section */
		8D30F074289BED7000338E26 /* PBXTargetDependency */ = {
			isa = PBXTargetDependency;
			target = 8D30F05C289BED6F00338E26 /* Animations */;
			targetProxy = 8D30F073289BED7000338E26 /* PBXContainerItemProxy */;
		};
		8D30F07E289BED7000338E26 /* PBXTargetDependency */ = {
			isa = PBXTargetDependency;
			target = 8D30F05C289BED6F00338E26 /* Animations */;
			targetProxy = 8D30F07D289BED7000338E26 /* PBXContainerItemProxy */;
		};
/* End PBXTargetDependency section */

/* Begin XCBuildConfiguration section */
		8D30F084289BED7000338E26 /* Debug */ = {
			isa = XCBuildConfiguration;
			buildSettings = {
				ALWAYS_SEARCH_USER_PATHS = NO;
				CLANG_ANALYZER_NONNULL = YES;
				CLANG_ANALYZER_NUMBER_OBJECT_CONVERSION = YES_AGGRESSIVE;
				CLANG_CXX_LANGUAGE_STANDARD = "gnu++17";
				CLANG_ENABLE_MODULES = YES;
				CLANG_ENABLE_OBJC_ARC = YES;
				CLANG_ENABLE_OBJC_WEAK = YES;
				CLANG_WARN_BLOCK_CAPTURE_AUTORELEASING = YES;
				CLANG_WARN_BOOL_CONVERSION = YES;
				CLANG_WARN_COMMA = YES;
				CLANG_WARN_CONSTANT_CONVERSION = YES;
				CLANG_WARN_DEPRECATED_OBJC_IMPLEMENTATIONS = YES;
				CLANG_WARN_DIRECT_OBJC_ISA_USAGE = YES_ERROR;
				CLANG_WARN_DOCUMENTATION_COMMENTS = YES;
				CLANG_WARN_EMPTY_BODY = YES;
				CLANG_WARN_ENUM_CONVERSION = YES;
				CLANG_WARN_INFINITE_RECURSION = YES;
				CLANG_WARN_INT_CONVERSION = YES;
				CLANG_WARN_NON_LITERAL_NULL_CONVERSION = YES;
				CLANG_WARN_OBJC_IMPLICIT_RETAIN_SELF = YES;
				CLANG_WARN_OBJC_LITERAL_CONVERSION = YES;
				CLANG_WARN_OBJC_ROOT_CLASS = YES_ERROR;
				CLANG_WARN_QUOTED_INCLUDE_IN_FRAMEWORK_HEADER = YES;
				CLANG_WARN_RANGE_LOOP_ANALYSIS = YES;
				CLANG_WARN_STRICT_PROTOTYPES = YES;
				CLANG_WARN_SUSPICIOUS_MOVE = YES;
				CLANG_WARN_UNGUARDED_AVAILABILITY = YES_AGGRESSIVE;
				CLANG_WARN_UNREACHABLE_CODE = YES;
				CLANG_WARN__DUPLICATE_METHOD_MATCH = YES;
				COPY_PHASE_STRIP = NO;
				DEBUG_INFORMATION_FORMAT = dwarf;
				ENABLE_STRICT_OBJC_MSGSEND = YES;
				ENABLE_TESTABILITY = YES;
				GCC_C_LANGUAGE_STANDARD = gnu11;
				GCC_DYNAMIC_NO_PIC = NO;
				GCC_NO_COMMON_BLOCKS = YES;
				GCC_OPTIMIZATION_LEVEL = 0;
				GCC_PREPROCESSOR_DEFINITIONS = (
					"DEBUG=1",
					"$(inherited)",
				);
				GCC_WARN_64_TO_32_BIT_CONVERSION = YES;
				GCC_WARN_ABOUT_RETURN_TYPE = YES_ERROR;
				GCC_WARN_UNDECLARED_SELECTOR = YES;
				GCC_WARN_UNINITIALIZED_AUTOS = YES_AGGRESSIVE;
				GCC_WARN_UNUSED_FUNCTION = YES;
				GCC_WARN_UNUSED_VARIABLE = YES;
				IPHONEOS_DEPLOYMENT_TARGET = 15.5;
				MTL_ENABLE_DEBUG_INFO = INCLUDE_SOURCE;
				MTL_FAST_MATH = YES;
				ONLY_ACTIVE_ARCH = YES;
				SDKROOT = iphoneos;
				SWIFT_ACTIVE_COMPILATION_CONDITIONS = DEBUG;
				SWIFT_OPTIMIZATION_LEVEL = "-Onone";
			};
			name = Debug;
		};
		8D30F085289BED7000338E26 /* Release */ = {
			isa = XCBuildConfiguration;
			buildSettings = {
				ALWAYS_SEARCH_USER_PATHS = NO;
				CLANG_ANALYZER_NONNULL = YES;
				CLANG_ANALYZER_NUMBER_OBJECT_CONVERSION = YES_AGGRESSIVE;
				CLANG_CXX_LANGUAGE_STANDARD = "gnu++17";
				CLANG_ENABLE_MODULES = YES;
				CLANG_ENABLE_OBJC_ARC = YES;
				CLANG_ENABLE_OBJC_WEAK = YES;
				CLANG_WARN_BLOCK_CAPTURE_AUTORELEASING = YES;
				CLANG_WARN_BOOL_CONVERSION = YES;
				CLANG_WARN_COMMA = YES;
				CLANG_WARN_CONSTANT_CONVERSION = YES;
				CLANG_WARN_DEPRECATED_OBJC_IMPLEMENTATIONS = YES;
				CLANG_WARN_DIRECT_OBJC_ISA_USAGE = YES_ERROR;
				CLANG_WARN_DOCUMENTATION_COMMENTS = YES;
				CLANG_WARN_EMPTY_BODY = YES;
				CLANG_WARN_ENUM_CONVERSION = YES;
				CLANG_WARN_INFINITE_RECURSION = YES;
				CLANG_WARN_INT_CONVERSION = YES;
				CLANG_WARN_NON_LITERAL_NULL_CONVERSION = YES;
				CLANG_WARN_OBJC_IMPLICIT_RETAIN_SELF = YES;
				CLANG_WARN_OBJC_LITERAL_CONVERSION = YES;
				CLANG_WARN_OBJC_ROOT_CLASS = YES_ERROR;
				CLANG_WARN_QUOTED_INCLUDE_IN_FRAMEWORK_HEADER = YES;
				CLANG_WARN_RANGE_LOOP_ANALYSIS = YES;
				CLANG_WARN_STRICT_PROTOTYPES = YES;
				CLANG_WARN_SUSPICIOUS_MOVE = YES;
				CLANG_WARN_UNGUARDED_AVAILABILITY = YES_AGGRESSIVE;
				CLANG_WARN_UNREACHABLE_CODE = YES;
				CLANG_WARN__DUPLICATE_METHOD_MATCH = YES;
				COPY_PHASE_STRIP = NO;
				DEBUG_INFORMATION_FORMAT = "dwarf-with-dsym";
				ENABLE_NS_ASSERTIONS = NO;
				ENABLE_STRICT_OBJC_MSGSEND = YES;
				GCC_C_LANGUAGE_STANDARD = gnu11;
				GCC_NO_COMMON_BLOCKS = YES;
				GCC_WARN_64_TO_32_BIT_CONVERSION = YES;
				GCC_WARN_ABOUT_RETURN_TYPE = YES_ERROR;
				GCC_WARN_UNDECLARED_SELECTOR = YES;
				GCC_WARN_UNINITIALIZED_AUTOS = YES_AGGRESSIVE;
				GCC_WARN_UNUSED_FUNCTION = YES;
				GCC_WARN_UNUSED_VARIABLE = YES;
				IPHONEOS_DEPLOYMENT_TARGET = 15.5;
				MTL_ENABLE_DEBUG_INFO = NO;
				MTL_FAST_MATH = YES;
				SDKROOT = iphoneos;
				SWIFT_COMPILATION_MODE = wholemodule;
				SWIFT_OPTIMIZATION_LEVEL = "-O";
				VALIDATE_PRODUCT = YES;
			};
			name = Release;
		};
		8D30F087289BED7000338E26 /* Debug */ = {
			isa = XCBuildConfiguration;
			buildSettings = {
				ASSETCATALOG_COMPILER_APPICON_NAME = AppIcon;
				ASSETCATALOG_COMPILER_GLOBAL_ACCENT_COLOR_NAME = AccentColor;
				CODE_SIGN_STYLE = Automatic;
				CURRENT_PROJECT_VERSION = 1;
				DEVELOPMENT_ASSET_PATHS = "\"Animations/Preview Content\"";
				DEVELOPMENT_TEAM = 9D9LQFC4NQ;
				ENABLE_PREVIEWS = YES;
				GENERATE_INFOPLIST_FILE = YES;
				INFOPLIST_KEY_UIApplicationSceneManifest_Generation = YES;
				INFOPLIST_KEY_UIApplicationSupportsIndirectInputEvents = YES;
				INFOPLIST_KEY_UILaunchScreen_Generation = YES;
				INFOPLIST_KEY_UISupportedInterfaceOrientations_iPad = "UIInterfaceOrientationPortrait UIInterfaceOrientationPortraitUpsideDown UIInterfaceOrientationLandscapeLeft UIInterfaceOrientationLandscapeRight";
				INFOPLIST_KEY_UISupportedInterfaceOrientations_iPhone = "UIInterfaceOrientationPortrait UIInterfaceOrientationLandscapeLeft UIInterfaceOrientationLandscapeRight";
				LD_RUNPATH_SEARCH_PATHS = (
					"$(inherited)",
					"@executable_path/Frameworks",
				);
				MARKETING_VERSION = 1.0;
				PRODUCT_BUNDLE_IDENTIFIER = uz.karavella.Animations;
				PRODUCT_NAME = "$(TARGET_NAME)";
				SWIFT_EMIT_LOC_STRINGS = YES;
				SWIFT_VERSION = 5.0;
				TARGETED_DEVICE_FAMILY = "1,2";
			};
			name = Debug;
		};
		8D30F088289BED7000338E26 /* Release */ = {
			isa = XCBuildConfiguration;
			buildSettings = {
				ASSETCATALOG_COMPILER_APPICON_NAME = AppIcon;
				ASSETCATALOG_COMPILER_GLOBAL_ACCENT_COLOR_NAME = AccentColor;
				CODE_SIGN_STYLE = Automatic;
				CURRENT_PROJECT_VERSION = 1;
				DEVELOPMENT_ASSET_PATHS = "\"Animations/Preview Content\"";
				DEVELOPMENT_TEAM = 9D9LQFC4NQ;
				ENABLE_PREVIEWS = YES;
				GENERATE_INFOPLIST_FILE = YES;
				INFOPLIST_KEY_UIApplicationSceneManifest_Generation = YES;
				INFOPLIST_KEY_UIApplicationSupportsIndirectInputEvents = YES;
				INFOPLIST_KEY_UILaunchScreen_Generation = YES;
				INFOPLIST_KEY_UISupportedInterfaceOrientations_iPad = "UIInterfaceOrientationPortrait UIInterfaceOrientationPortraitUpsideDown UIInterfaceOrientationLandscapeLeft UIInterfaceOrientationLandscapeRight";
				INFOPLIST_KEY_UISupportedInterfaceOrientations_iPhone = "UIInterfaceOrientationPortrait UIInterfaceOrientationLandscapeLeft UIInterfaceOrientationLandscapeRight";
				LD_RUNPATH_SEARCH_PATHS = (
					"$(inherited)",
					"@executable_path/Frameworks",
				);
				MARKETING_VERSION = 1.0;
				PRODUCT_BUNDLE_IDENTIFIER = uz.karavella.Animations;
				PRODUCT_NAME = "$(TARGET_NAME)";
				SWIFT_EMIT_LOC_STRINGS = YES;
				SWIFT_VERSION = 5.0;
				TARGETED_DEVICE_FAMILY = "1,2";
			};
			name = Release;
		};
		8D30F08A289BED7000338E26 /* Debug */ = {
			isa = XCBuildConfiguration;
			buildSettings = {
				ALWAYS_EMBED_SWIFT_STANDARD_LIBRARIES = YES;
				BUNDLE_LOADER = "$(TEST_HOST)";
				CODE_SIGN_STYLE = Automatic;
				CURRENT_PROJECT_VERSION = 1;
				DEVELOPMENT_TEAM = 9D9LQFC4NQ;
				GENERATE_INFOPLIST_FILE = YES;
				IPHONEOS_DEPLOYMENT_TARGET = 15.5;
				MARKETING_VERSION = 1.0;
				PRODUCT_BUNDLE_IDENTIFIER = uz.karavella.AnimationsTests;
				PRODUCT_NAME = "$(TARGET_NAME)";
				SWIFT_EMIT_LOC_STRINGS = NO;
				SWIFT_VERSION = 5.0;
				TARGETED_DEVICE_FAMILY = "1,2";
				TEST_HOST = "$(BUILT_PRODUCTS_DIR)/Animations.app/Animations";
			};
			name = Debug;
		};
		8D30F08B289BED7000338E26 /* Release */ = {
			isa = XCBuildConfiguration;
			buildSettings = {
				ALWAYS_EMBED_SWIFT_STANDARD_LIBRARIES = YES;
				BUNDLE_LOADER = "$(TEST_HOST)";
				CODE_SIGN_STYLE = Automatic;
				CURRENT_PROJECT_VERSION = 1;
				DEVELOPMENT_TEAM = 9D9LQFC4NQ;
				GENERATE_INFOPLIST_FILE = YES;
				IPHONEOS_DEPLOYMENT_TARGET = 15.5;
				MARKETING_VERSION = 1.0;
				PRODUCT_BUNDLE_IDENTIFIER = uz.karavella.AnimationsTests;
				PRODUCT_NAME = "$(TARGET_NAME)";
				SWIFT_EMIT_LOC_STRINGS = NO;
				SWIFT_VERSION = 5.0;
				TARGETED_DEVICE_FAMILY = "1,2";
				TEST_HOST = "$(BUILT_PRODUCTS_DIR)/Animations.app/Animations";
			};
			name = Release;
		};
		8D30F08D289BED7000338E26 /* Debug */ = {
			isa = XCBuildConfiguration;
			buildSettings = {
				ALWAYS_EMBED_SWIFT_STANDARD_LIBRARIES = YES;
				CODE_SIGN_STYLE = Automatic;
				CURRENT_PROJECT_VERSION = 1;
				DEVELOPMENT_TEAM = 9D9LQFC4NQ;
				GENERATE_INFOPLIST_FILE = YES;
				MARKETING_VERSION = 1.0;
				PRODUCT_BUNDLE_IDENTIFIER = uz.karavella.AnimationsUITests;
				PRODUCT_NAME = "$(TARGET_NAME)";
				SWIFT_EMIT_LOC_STRINGS = NO;
				SWIFT_VERSION = 5.0;
				TARGETED_DEVICE_FAMILY = "1,2";
				TEST_TARGET_NAME = Animations;
			};
			name = Debug;
		};
		8D30F08E289BED7000338E26 /* Release */ = {
			isa = XCBuildConfiguration;
			buildSettings = {
				ALWAYS_EMBED_SWIFT_STANDARD_LIBRARIES = YES;
				CODE_SIGN_STYLE = Automatic;
				CURRENT_PROJECT_VERSION = 1;
				DEVELOPMENT_TEAM = 9D9LQFC4NQ;
				GENERATE_INFOPLIST_FILE = YES;
				MARKETING_VERSION = 1.0;
				PRODUCT_BUNDLE_IDENTIFIER = uz.karavella.AnimationsUITests;
				PRODUCT_NAME = "$(TARGET_NAME)";
				SWIFT_EMIT_LOC_STRINGS = NO;
				SWIFT_VERSION = 5.0;
				TARGETED_DEVICE_FAMILY = "1,2";
				TEST_TARGET_NAME = Animations;
			};
			name = Release;
		};
/* End XCBuildConfiguration section */

/* Begin XCConfigurationList section */
		8D30F058289BED6F00338E26 /* Build configuration list for PBXProject "Animations" */ = {
			isa = XCConfigurationList;
			buildConfigurations = (
				8D30F084289BED7000338E26 /* Debug */,
				8D30F085289BED7000338E26 /* Release */,
			);
			defaultConfigurationIsVisible = 0;
			defaultConfigurationName = Release;
		};
		8D30F086289BED7000338E26 /* Build configuration list for PBXNativeTarget "Animations" */ = {
			isa = XCConfigurationList;
			buildConfigurations = (
				8D30F087289BED7000338E26 /* Debug */,
				8D30F088289BED7000338E26 /* Release */,
			);
			defaultConfigurationIsVisible = 0;
			defaultConfigurationName = Release;
		};
		8D30F089289BED7000338E26 /* Build configuration list for PBXNativeTarget "AnimationsTests" */ = {
			isa = XCConfigurationList;
			buildConfigurations = (
				8D30F08A289BED7000338E26 /* Debug */,
				8D30F08B289BED7000338E26 /* Release */,
			);
			defaultConfigurationIsVisible = 0;
			defaultConfigurationName = Release;
		};
		8D30F08C289BED7000338E26 /* Build configuration list for PBXNativeTarget "AnimationsUITests" */ = {
			isa = XCConfigurationList;
			buildConfigurations = (
				8D30F08D289BED7000338E26 /* Debug */,
				8D30F08E289BED7000338E26 /* Release */,
			);
			defaultConfigurationIsVisible = 0;
			defaultConfigurationName = Release;
		};
/* End XCConfigurationList section */

/* Begin XCRemoteSwiftPackageReference section */
		8D30F093289BFE6300338E26 /* XCRemoteSwiftPackageReference "lottie-ios" */ = {
			isa = XCRemoteSwiftPackageReference;
			repositoryURL = "https://github.com/airbnb/lottie-ios.git";
			requirement = {
				kind = exactVersion;
				version = 3.4.1;
			};
		};
/* End XCRemoteSwiftPackageReference section */

/* Begin XCSwiftPackageProductDependency section */
		8D30F094289BFE6300338E26 /* Lottie */ = {
			isa = XCSwiftPackageProductDependency;
			package = 8D30F093289BFE6300338E26 /* XCRemoteSwiftPackageReference "lottie-ios" */;
			productName = Lottie;
		};
/* End XCSwiftPackageProductDependency section */

/* Begin XCVersionGroup section */
		8D30F06B289BED7000338E26 /* Animations.xcdatamodeld */ = {
			isa = XCVersionGroup;
			children = (
				8D30F06C289BED7000338E26 /* Animations.xcdatamodel */,
			);
			currentVersion = 8D30F06C289BED7000338E26 /* Animations.xcdatamodel */;
			path = Animations.xcdatamodeld;
			sourceTree = "<group>";
			versionGroupType = wrapper.xcdatamodel;
		};
/* End XCVersionGroup section */
	};
	rootObject = 8D30F055289BED6F00338E26 /* Project object */;
}
